
Microsoft Visual Studio Solution File, Format Version 12.00
# Visual Studio Version 17
VisualStudioVersion = 17.6.33829.357
MinimumVisualStudioVersion = 10.0.40219.1
Project("{FAE04EC0-301F-11D3-BF4B-00C04F79EFBC}") = "ACM.BL", "ACM.BL\ACM.BL.csproj", "{61D10FD9-9DB7-4051-8C73-1FB64823EBF6}"
EndProject
Project("{2150E333-8FDC-42A3-9474-1A3956D46DE8}") = "Tests", "Tests", "{6CC04716-EDC8-4E9A-8F51-446F411F15C4}"
EndProject
Project("{FAE04EC0-301F-11D3-BF4B-00C04F79EFBC}") = "ACM.BLTest", "Test\ACM.BLTest\ACM.BLTest.csproj", "{463564A7-E408-416E-BB6B-CA7EC9991A1A}"
EndProject
Project("{FAE04EC0-301F-11D3-BF4B-00C04F79EFBC}") = "Acme.Common", "Acme.Common\Acme.Common.csproj", "{B48FCEAA-E697-42B4-95F5-A04D03F09A00}"
EndProject
Project("{FAE04EC0-301F-11D3-BF4B-00C04F79EFBC}") = "Acme.CommonTest", "Acme.CommonTest\Acme.CommonTest.csproj", "{A7750F4D-47B7-4F6A-BDAF-87FD9E640EBA}"
EndProject
Global
	GlobalSection(SolutionConfigurationPlatforms) = preSolution
		Debug|Any CPU = Debug|Any CPU
		Release|Any CPU = Release|Any CPU
	EndGlobalSection
	GlobalSection(ProjectConfigurationPlatforms) = postSolution
		{61D10FD9-9DB7-4051-8C73-1FB64823EBF6}.Debug|Any CPU.ActiveCfg = Debug|Any CPU
		{61D10FD9-9DB7-4051-8C73-1FB64823EBF6}.Debug|Any CPU.Build.0 = Debug|Any CPU
		{61D10FD9-9DB7-4051-8C73-1FB64823EBF6}.Release|Any CPU.ActiveCfg = Release|Any CPU
		{61D10FD9-9DB7-4051-8C73-1FB64823EBF6}.Release|Any CPU.Build.0 = Release|Any CPU
		{463564A7-E408-416E-BB6B-CA7EC9991A1A}.Debug|Any CPU.ActiveCfg = Debug|Any CPU
		{463564A7-E408-416E-BB6B-CA7EC9991A1A}.Debug|Any CPU.Build.0 = Debug|Any CPU
		{463564A7-E408-416E-BB6B-CA7EC9991A1A}.Release|Any CPU.ActiveCfg = Release|Any CPU
		{463564A7-E408-416E-BB6B-CA7EC9991A1A}.Release|Any CPU.Build.0 = Release|Any CPU
		{B48FCEAA-E697-42B4-95F5-A04D03F09A00}.Debug|Any CPU.ActiveCfg = Debug|Any CPU
		{B48FCEAA-E697-42B4-95F5-A04D03F09A00}.Debug|Any CPU.Build.0 = Debug|Any CPU
		{B48FCEAA-E697-42B4-95F5-A04D03F09A00}.Release|Any CPU.ActiveCfg = Release|Any CPU
		{B48FCEAA-E697-42B4-95F5-A04D03F09A00}.Release|Any CPU.Build.0 = Release|Any CPU
		{A7750F4D-47B7-4F6A-BDAF-87FD9E640EBA}.Debug|Any CPU.ActiveCfg = Debug|Any CPU
		{A7750F4D-47B7-4F6A-BDAF-87FD9E640EBA}.Debug|Any CPU.Build.0 = Debug|Any CPU
		{A7750F4D-47B7-4F6A-BDAF-87FD9E640EBA}.Release|Any CPU.ActiveCfg = Release|Any CPU
		{A7750F4D-47B7-4F6A-BDAF-87FD9E640EBA}.Release|Any CPU.Build.0 = Release|Any CPU
	EndGlobalSection
	GlobalSection(SolutionProperties) = preSolution
		HideSolutionNode = FALSE
	EndGlobalSection
	GlobalSection(NestedProjects) = preSolution
		{463564A7-E408-416E-BB6B-CA7EC9991A1A} = {6CC04716-EDC8-4E9A-8F51-446F411F15C4}
		{A7750F4D-47B7-4F6A-BDAF-87FD9E640EBA} = {6CC04716-EDC8-4E9A-8F51-446F411F15C4}
	EndGlobalSection
	GlobalSection(ExtensibilityGlobals) = postSolution
		SolutionGuid = {5CA8BFAC-FDF7-4358-91D7-86C7B21E133F}
	EndGlobalSection
EndGlobal
